
Microsoft Visual Studio Solution File, Format Version 12.00
# Visual Studio 15
VisualStudioVersion = 15.0.27004.2010
MinimumVisualStudioVersion = 10.0.40219.1
Project("{FAE04EC0-301F-11D3-BF4B-00C04F79EFBC}") = "Mia.Voice.App", "Mia.Voice.App\Mia.Voice.App.csproj", "{7FD04EF1-AB94-407D-9B12-32B1A45EA041}"
EndProject
Project("{FAE04EC0-301F-11D3-BF4B-00C04F79EFBC}") = "Mia.Voice", "Mia.Voice\Mia.Voice.csproj", "{79B0EE9D-564F-4C2A-ACCF-5D1FFC5CB3C9}"
EndProject
Global
	GlobalSection(SolutionConfigurationPlatforms) = preSolution
		Debug|Any CPU = Debug|Any CPU
		Release|Any CPU = Release|Any CPU
	EndGlobalSection
	GlobalSection(ProjectConfigurationPlatforms) = postSolution
		{7FD04EF1-AB94-407D-9B12-32B1A45EA041}.Debug|Any CPU.ActiveCfg = Debug|Any CPU
		{7FD04EF1-AB94-407D-9B12-32B1A45EA041}.Debug|Any CPU.Build.0 = Debug|Any CPU
		{7FD04EF1-AB94-407D-9B12-32B1A45EA041}.Release|Any CPU.ActiveCfg = Release|Any CPU
		{7FD04EF1-AB94-407D-9B12-32B1A45EA041}.Release|Any CPU.Build.0 = Release|Any CPU
		{79B0EE9D-564F-4C2A-ACCF-5D1FFC5CB3C9}.Debug|Any CPU.ActiveCfg = Debug|Any CPU
		{79B0EE9D-564F-4C2A-ACCF-5D1FFC5CB3C9}.Debug|Any CPU.Build.0 = Debug|Any CPU
		{79B0EE9D-564F-4C2A-ACCF-5D1FFC5CB3C9}.Release|Any CPU.ActiveCfg = Release|Any CPU
		{79B0EE9D-564F-4C2A-ACCF-5D1FFC5CB3C9}.Release|Any CPU.Build.0 = Release|Any CPU
	EndGlobalSection
	GlobalSection(SolutionProperties) = preSolution
		HideSolutionNode = FALSE
	EndGlobalSection
	GlobalSection(ExtensibilityGlobals) = postSolution
		SolutionGuid = {0AB4DEA8-7B1D-427A-A6B7-C8A7B145D9A4}
	EndGlobalSection
EndGlobal
